{
  "version": 4,
  "terraform_version": "1.13.3",
  "serial": 3,
  "lineage": "ce1a8bc2-9e24-633d-23c9-7124b2e77a77",
  "outputs": {},
  "resources": [
    {
      "mode": "managed",
      "type": "local_file",
      "name": "student_info",
      "provider": "provider[\"registry.terraform.io/hashicorp/local\"]",
      "instances": [
        {
          "schema_version": 0,
          "attributes": {
            "content": "Estudiante: Cristian\nGitHub: cbaquedano\nLenguaje favorito: JavaScript\n",
            "content_base64": null,
            "content_base64sha256": "bTpzkE0yMfO3F8kz8aNO9Elg+7hPF0MXd5l8KwK7M7k=",
            "content_base64sha512": "ojYIlBXIeZY07VMEKY+pkLzfGB7PslEYDh9xwU1BIAlFX6kYsuN0LznD3R0KYBZXdk+rxGLhIvvvyZMPg5vw2w==",
            "content_md5": "77146ecea58618e1ba536059772364bf",
            "content_sha1": "76078dcb18a779697658a71ecd233984fc6a7d06",
            "content_sha256": "6d3a73904d3231f3b717c933f1a34ef44960fbb84f17431777997c2b02bb33b9",
            "content_sha512": "a236089415c8799634ed5304298fa990bcdf181ecfb251180e1f71c14d412009455fa918b2e3742f39c3dd1d0a601657764fabc462e122fbefc9930f839bf0db",
            "directory_permission": "0777",
            "file_permission": "0777",
            "filename": "outputs/student_info.txt",
            "id": "76078dcb18a779697658a71ecd233984fc6a7d06",
            "sensitive_content": null,
            "source": null
          },
          "sensitive_attributes": [
            [
              {
                "type": "get_attr",
                "value": "sensitive_content"
              }
            ]
          ],
          "identity_schema_version": 0
        }
      ]
    },
    {
      "mode": "managed",
      "type": "random_id",
      "name": "project_id",
      "provider": "provider[\"registry.terraform.io/hashicorp/random\"]",
      "instances": [
        {
          "schema_version": 0,
          "attributes": {
            "b64_std": "lPeXs4mrV2Q=",
            "b64_url": "lPeXs4mrV2Q",
            "byte_length": 8,
            "dec": "10734215034225514340",
            "hex": "94f797b389ab5764",
            "id": "lPeXs4mrV2Q",
            "keepers": null,
            "prefix": null
          },
          "sensitive_attributes": [],
          "identity_schema_version": 0
        }
      ]
    }
  ],
  "check_results": null
}
